
Microsoft Visual Studio Solution File, Format Version 12.00
# Visual Studio 2012
Project("{888888A0-9F3D-457C-B088-3A5042F75D52}") = "IronPythonApplication", "IronPythonApplication.pyproj", "{C8DFED6F-2D7C-432A-9F76-ABAF703EC64F}"
EndProject
Global
	GlobalSection(SolutionConfigurationPlatforms) = preSolution
		Debug|Any CPU = Debug|Any CPU
		Release|Any CPU = Release|Any CPU
	EndGlobalSection
	GlobalSection(ProjectConfigurationPlatforms) = postSolution
		{C8DFED6F-2D7C-432A-9F76-ABAF703EC64F}.Debug|Any CPU.ActiveCfg = Debug|Any CPU
		{C8DFED6F-2D7C-432A-9F76-ABAF703EC64F}.Debug|Any CPU.Build.0 = Debug|Any CPU
		{C8DFED6F-2D7C-432A-9F76-ABAF703EC64F}.Release|Any CPU.ActiveCfg = Release|Any CPU
		{C8DFED6F-2D7C-432A-9F76-ABAF703EC64F}.Release|Any CPU.Build.0 = Release|Any CPU
	EndGlobalSection
	GlobalSection(SolutionProperties) = preSolution
		HideSolutionNode = FALSE
	EndGlobalSection
EndGlobal
